
Microsoft Visual Studio Solution File, Format Version 12.00
# Visual Studio Version 16
VisualStudioVersion = 16.0.31321.278
MinimumVisualStudioVersion = 10.0.40219.1
Project("{FAE04EC0-301F-11D3-BF4B-00C04F79EFBC}") = "MetodosSistemasEcuaciones", "MetodosSistemasEcuaciones.csproj", "{356F5BC7-A129-4361-BE7A-C4083C25A91B}"
EndProject
Project("{FAE04EC0-301F-11D3-BF4B-00C04F79EFBC}") = "MetodosSistemasEcuacioneso02", "..\MetodosSistemasEcuacioneso02\MetodosSistemasEcuacioneso02.csproj", "{52FDB057-E2BE-4470-BBDA-C43ADF3707DC}"
EndProject
Global
	GlobalSection(SolutionConfigurationPlatforms) = preSolution
		Debug|Any CPU = Debug|Any CPU
		Release|Any CPU = Release|Any CPU
	EndGlobalSection
	GlobalSection(ProjectConfigurationPlatforms) = postSolution
		{356F5BC7-A129-4361-BE7A-C4083C25A91B}.Debug|Any CPU.ActiveCfg = Debug|Any CPU
		{356F5BC7-A129-4361-BE7A-C4083C25A91B}.Debug|Any CPU.Build.0 = Debug|Any CPU
		{356F5BC7-A129-4361-BE7A-C4083C25A91B}.Release|Any CPU.ActiveCfg = Release|Any CPU
		{356F5BC7-A129-4361-BE7A-C4083C25A91B}.Release|Any CPU.Build.0 = Release|Any CPU
		{52FDB057-E2BE-4470-BBDA-C43ADF3707DC}.Debug|Any CPU.ActiveCfg = Debug|Any CPU
		{52FDB057-E2BE-4470-BBDA-C43ADF3707DC}.Debug|Any CPU.Build.0 = Debug|Any CPU
		{52FDB057-E2BE-4470-BBDA-C43ADF3707DC}.Release|Any CPU.ActiveCfg = Release|Any CPU
		{52FDB057-E2BE-4470-BBDA-C43ADF3707DC}.Release|Any CPU.Build.0 = Release|Any CPU
	EndGlobalSection
	GlobalSection(SolutionProperties) = preSolution
		HideSolutionNode = FALSE
	EndGlobalSection
	GlobalSection(ExtensibilityGlobals) = postSolution
		SolutionGuid = {7861CA42-90A3-4094-8F08-4E1EC08840E1}
	EndGlobalSection
EndGlobal
